lockfileVersion: '6.0'

settings:
  autoInstallPeers: true
  excludeLinksFromLockfile: false

devDependencies:
  '@tauri-apps/cli':
    specifier: ^1.4.0
    version: 1.4.0

packages:

  /@tauri-apps/cli-darwin-arm64@1.4.0:
    resolution: {integrity: sha512-nA/ml0SfUt6/CYLVbHmT500Y+ijqsuv5+s9EBnVXYSLVg9kbPUZJJHluEYK+xKuOj6xzyuT/+rZFMRapmJD3jQ==}
    engines: {node: '>= 10'}
    cpu: [arm64]
    os: [darwin]
    requiresBuild: true
    dev: true
    optional: true

  /@tauri-apps/cli-darwin-x64@1.4.0:
    resolution: {integrity: sha512-ov/F6Zr+dg9B0PtRu65stFo2G0ow2TUlneqYYrkj+vA3n+moWDHfVty0raDjMLQbQt3rv3uayFMXGPMgble9OA==}
    engines: {node: '>= 10'}
    cpu: [x64]
    os: [darwin]
    requiresBuild: true
    dev: true
    optional: true

  /@tauri-apps/cli-linux-arm-gnueabihf@1.4.0:
    resolution: {integrity: sha512-zwjbiMncycXDV7doovymyKD7sCg53ouAmfgpUqEBOTY3vgBi9TwijyPhJOqoG5vUVWhouNBC08akGmE4dja15g==}
    engines: {node: '>= 10'}
    cpu: [arm]
    os: [linux]
    requiresBuild: true
    dev: true
    optional: true

  /@tauri-apps/cli-linux-arm64-gnu@1.4.0:
    resolution: {integrity: sha512-5MCBcziqXC72mMXnkZU68mutXIR6zavDxopArE2gQtK841IlE06bIgtLi0kUUhlFJk2nhPRgiDgdLbrPlyt7fw==}
    engines: {node: '>= 10'}
    cpu: [arm64]
    os: [linux]
    libc: [glibc]
    requiresBuild: true
    dev: true
    optional: true

  /@tauri-apps/cli-linux-arm64-musl@1.4.0:
    resolution: {integrity: sha512-7J3pRB6n6uNYgIfCeKt2Oz8J7oSaz2s8GGFRRH2HPxuTHrBNCinzVYm68UhVpJrL3bnGkU0ziVZLsW/iaOGfUg==}
    engines: {node: '>= 10'}
    cpu: [arm64]
    os: [linux]
    libc: [musl]
    requiresBuild: true
    dev: true
    optional: true

  /@tauri-apps/cli-linux-x64-gnu@1.4.0:
    resolution: {integrity: sha512-Zh5gfAJxOv5AVWxcwuueaQ2vIAhlg0d6nZui6nMyfIJ8dbf3aZQ5ZzP38sYow5h/fbvgL+3GSQxZRBIa3c2E1w==}
    engines: {node: '>= 10'}
    cpu: [x64]
    os: [linux]
    libc: [glibc]
    requiresBuild: true
    dev: true
    optional: true

  /@tauri-apps/cli-linux-x64-musl@1.4.0:
    resolution: {integrity: sha512-OLAYoICU3FaYiTdBsI+lQTKnDHeMmFMXIApN0M+xGiOkoIOQcV9CConMPjgmJQ867+NHRNgUGlvBEAh9CiJodQ==}
    engines: {node: '>= 10'}
    cpu: [x64]
    os: [linux]
    libc: [musl]
    requiresBuild: true
    dev: true
    optional: true

  /@tauri-apps/cli-win32-arm64-msvc@1.4.0:
    resolution: {integrity: sha512-gZ05GENFbI6CB5MlOUsLlU0kZ9UtHn9riYtSXKT6MYs8HSPRffPHaHSL0WxsJweWh9nR5Hgh/TUU8uW3sYCzCg==}
    engines: {node: '>= 10'}
    cpu: [arm64]
    os: [win32]
    requiresBuild: true
    dev: true
    optional: true

  /@tauri-apps/cli-win32-ia32-msvc@1.4.0:
    resolution: {integrity: sha512-JsetT/lTx/Zq98eo8T5CiRyF1nKeX04RO8JlJrI3ZOYsZpp/A5RJvMd/szQ17iOzwiHdge+tx7k2jHysR6oBlQ==}
    engines: {node: '>= 10'}
    cpu: [ia32]
    os: [win32]
    requiresBuild: true
    dev: true
    optional: true

  /@tauri-apps/cli-win32-x64-msvc@1.4.0:
    resolution: {integrity: sha512-z8Olcnwp5aYhzqUAarFjqF+oELCjuYWnB2HAJHlfsYNfDCAORY5kct3Fklz8PSsubC3U2EugWn8n42DwnThurg==}
    engines: {node: '>= 10'}
    cpu: [x64]
    os: [win32]
    requiresBuild: true
    dev: true
    optional: true

  /@tauri-apps/cli@1.4.0:
    resolution: {integrity: sha512-VXYr2i2iVFl98etQSQsqLzXgX96bnWiNZd1YADgatqwy/qecbd6Kl5ZAPB5R4ynsgE8A1gU7Fbzh7dCEQYFfmA==}
    engines: {node: '>= 10'}
    hasBin: true
    optionalDependencies:
      '@tauri-apps/cli-darwin-arm64': 1.4.0
      '@tauri-apps/cli-darwin-x64': 1.4.0
      '@tauri-apps/cli-linux-arm-gnueabihf': 1.4.0
      '@tauri-apps/cli-linux-arm64-gnu': 1.4.0
      '@tauri-apps/cli-linux-arm64-musl': 1.4.0
      '@tauri-apps/cli-linux-x64-gnu': 1.4.0
      '@tauri-apps/cli-linux-x64-musl': 1.4.0
      '@tauri-apps/cli-win32-arm64-msvc': 1.4.0
      '@tauri-apps/cli-win32-ia32-msvc': 1.4.0
      '@tauri-apps/cli-win32-x64-msvc': 1.4.0
    dev: true
